{
  "nodes": {
    "bwm": {
      "inputs": {
        "nixpkgs": [
          "nixpkgs"
        ]
      },
      "locked": {
        "lastModified": 1711659384,
        "narHash": "sha256-0hESRWYaH7KwBP4Agw2Nt2PT567A7/RsdipPIW4o2UY=",
        "owner": "firecat53",
        "repo": "bitwarden-menu",
        "rev": "370920fab4c05fffafecd1990c49f01805130ae2",
        "type": "github"
      },
      "original": {
        "owner": "firecat53",
        "repo": "bitwarden-menu",
        "type": "github"
      }
    },
    "disko": {
      "inputs": {
        "nixpkgs": [
          "nixpkgs"
        ]
      },
      "locked": {
        "lastModified": 1713406758,
        "narHash": "sha256-kwZvhmx+hSZvjzemKxsAqzEqWmXZS47VVwQhNrINORQ=",
        "owner": "nix-community",
        "repo": "disko",
        "rev": "1efd500e9805a9efbce401ed5999006d397b9f11",
        "type": "github"
      },
      "original": {
        "owner": "nix-community",
        "repo": "disko",
        "type": "github"
      }
    },
    "home-manager": {
      "inputs": {
        "nixpkgs": [
          "nixpkgs"
        ]
      },
      "locked": {
        "lastModified": 1713529352,
        "narHash": "sha256-gg4OWSysmjbuqfY9uTjQnhu1yKrRAv4Jxuz8jdyiK04=",
        "owner": "nix-community",
        "repo": "home-manager",
        "rev": "dc906b197bc20c518e497fb040bb8240543fa634",
        "type": "github"
      },
      "original": {
        "owner": "nix-community",
        "repo": "home-manager",
        "type": "github"
      }
    },
    "keepmenu": {
      "inputs": {
        "nixpkgs": [
          "nixpkgs"
        ]
      },
      "locked": {
        "lastModified": 1710212607,
        "narHash": "sha256-R9qqMsIcyuiMzVMjsjao1Jbh318cuBaeduq6pblo0Ec=",
        "owner": "firecat53",
        "repo": "keepmenu",
        "rev": "e106b4fdeb908ef933a3b9044f76b37e338866a2",
        "type": "github"
      },
      "original": {
        "owner": "firecat53",
        "repo": "keepmenu",
        "type": "github"
      }
    },
    "my-secrets": {
      "flake": false,
      "locked": {
        "lastModified": 1713503415,
        "narHash": "sha256-UvxQpXHd3sIldi7FQ98L05fsX9vlH3h5Mj6zrPrXaSI=",
        "path": "/home/firecat53/nixos/nixos-secrets",
        "type": "path"
      },
      "original": {
        "path": "/home/firecat53/nixos/nixos-secrets",
        "type": "path"
      }
    },
    "nixpkgs": {
      "locked": {
        "lastModified": 1713297878,
        "narHash": "sha256-hOkzkhLT59wR8VaMbh1ESjtZLbGi+XNaBN6h49SPqEc=",
        "owner": "nixos",
        "repo": "nixpkgs",
        "rev": "66adc1e47f8784803f2deb6cacd5e07264ec2d5c",
        "type": "github"
      },
      "original": {
        "owner": "nixos",
        "ref": "nixos-unstable",
        "repo": "nixpkgs",
        "type": "github"
      }
    },
    "nixpkgs-stable": {
      "locked": {
        "lastModified": 1713344939,
        "narHash": "sha256-jpHkAt0sG2/J7ueKnG7VvLLkBYUMQbXQ2L8OBpVG53s=",
        "owner": "nixos",
        "repo": "nixpkgs",
        "rev": "e402c3eb6d88384ca6c52ef1c53e61bdc9b84ddd",
        "type": "github"
      },
      "original": {
        "owner": "nixos",
        "ref": "nixos-23.11",
        "repo": "nixpkgs",
        "type": "github"
      }
    },
    "root": {
      "inputs": {
        "bwm": "bwm",
        "disko": "disko",
        "home-manager": "home-manager",
        "keepmenu": "keepmenu",
        "my-secrets": "my-secrets",
        "nixpkgs": "nixpkgs",
        "nixpkgs-stable": "nixpkgs-stable",
        "sops-nix": "sops-nix"
      }
    },
    "sops-nix": {
      "inputs": {
        "nixpkgs": [
          "nixpkgs"
        ],
        "nixpkgs-stable": [
          "nixpkgs-stable"
        ]
      },
      "locked": {
        "lastModified": 1713532771,
        "narHash": "sha256-vfKxhYVMzG2tg48/1rewBoSLCrKIjQsG1j7Nm/Y2gf4=",
        "owner": "Mic92",
        "repo": "sops-nix",
        "rev": "a929a011a09db735abc45a8a45d1ff7fdee62755",
        "type": "github"
      },
      "original": {
        "owner": "Mic92",
        "repo": "sops-nix",
        "type": "github"
      }
    }
  },
  "root": "root",
  "version": 7
}
