{
  "nodes": {
    "bwm": {
      "inputs": {
        "nixpkgs": [
          "nixpkgs"
        ]
      },
      "locked": {
        "lastModified": 1711659384,
        "narHash": "sha256-0hESRWYaH7KwBP4Agw2Nt2PT567A7/RsdipPIW4o2UY=",
        "owner": "firecat53",
        "repo": "bitwarden-menu",
        "rev": "370920fab4c05fffafecd1990c49f01805130ae2",
        "type": "github"
      },
      "original": {
        "owner": "firecat53",
        "repo": "bitwarden-menu",
        "type": "github"
      }
    },
    "disko": {
      "inputs": {
        "nixpkgs": [
          "nixpkgs"
        ]
      },
      "locked": {
        "lastModified": 1719451710,
        "narHash": "sha256-h+bFEQHQ46pBkEsOXbxmmY6QNPPGrgpDbNlHtAKG49M=",
        "owner": "nix-community",
        "repo": "disko",
        "rev": "8767dbf5d723b1b6834f4d09b217da7c31580d58",
        "type": "github"
      },
      "original": {
        "owner": "nix-community",
        "repo": "disko",
        "type": "github"
      }
    },
    "home-manager": {
      "inputs": {
        "nixpkgs": [
          "nixpkgs"
        ]
      },
      "locked": {
        "lastModified": 1718530513,
        "narHash": "sha256-BmO8d0r+BVlwWtMLQEYnwmngqdXIuyFzMwvmTcLMee8=",
        "owner": "nix-community",
        "repo": "home-manager",
        "rev": "a1fddf0967c33754271761d91a3d921772b30d0e",
        "type": "github"
      },
      "original": {
        "owner": "nix-community",
        "ref": "release-24.05",
        "repo": "home-manager",
        "type": "github"
      }
    },
    "keepmenu": {
      "inputs": {
        "nixpkgs": [
          "nixpkgs"
        ]
      },
      "locked": {
        "lastModified": 1710212607,
        "narHash": "sha256-R9qqMsIcyuiMzVMjsjao1Jbh318cuBaeduq6pblo0Ec=",
        "owner": "firecat53",
        "repo": "keepmenu",
        "rev": "e106b4fdeb908ef933a3b9044f76b37e338866a2",
        "type": "github"
      },
      "original": {
        "owner": "firecat53",
        "repo": "keepmenu",
        "type": "github"
      }
    },
    "my-secrets": {
      "flake": false,
      "locked": {
        "lastModified": 1718383774,
        "narHash": "sha256-UvxQpXHd3sIldi7FQ98L05fsX9vlH3h5Mj6zrPrXaSI=",
        "path": "/home/firecat53/nixos/nixos-secrets",
        "type": "path"
      },
      "original": {
        "path": "/home/firecat53/nixos/nixos-secrets",
        "type": "path"
      }
    },
    "nixpkgs": {
      "locked": {
        "lastModified": 1719426051,
        "narHash": "sha256-yJL9VYQhaRM7xs0M867ZFxwaONB9T2Q4LnGo1WovuR4=",
        "owner": "nixos",
        "repo": "nixpkgs",
        "rev": "89c49874fb15f4124bf71ca5f42a04f2ee5825fd",
        "type": "github"
      },
      "original": {
        "owner": "nixos",
        "ref": "nixos-24.05",
        "repo": "nixpkgs",
        "type": "github"
      }
    },
    "nixpkgs-unstable": {
      "locked": {
        "lastModified": 1719254875,
        "narHash": "sha256-ECni+IkwXjusHsm9Sexdtq8weAq/yUyt1TWIemXt3Ko=",
        "owner": "nixos",
        "repo": "nixpkgs",
        "rev": "2893f56de08021cffd9b6b6dfc70fd9ccd51eb60",
        "type": "github"
      },
      "original": {
        "owner": "nixos",
        "ref": "nixos-unstable",
        "repo": "nixpkgs",
        "type": "github"
      }
    },
    "root": {
      "inputs": {
        "bwm": "bwm",
        "disko": "disko",
        "home-manager": "home-manager",
        "keepmenu": "keepmenu",
        "my-secrets": "my-secrets",
        "nixpkgs": "nixpkgs",
        "nixpkgs-unstable": "nixpkgs-unstable",
        "sops-nix": "sops-nix",
        "urlscan": "urlscan"
      }
    },
    "sops-nix": {
      "inputs": {
        "nixpkgs": [
          "nixpkgs-unstable"
        ],
        "nixpkgs-stable": [
          "nixpkgs"
        ]
      },
      "locked": {
        "lastModified": 1719268571,
        "narHash": "sha256-pcUk2Fg5vPXLUEnFI97qaB8hto/IToRfqskFqsjvjb8=",
        "owner": "Mic92",
        "repo": "sops-nix",
        "rev": "c2ea1186c0cbfa4d06d406ae50f3e4b085ddc9b3",
        "type": "github"
      },
      "original": {
        "owner": "Mic92",
        "repo": "sops-nix",
        "type": "github"
      }
    },
    "urlscan": {
      "inputs": {
        "nixpkgs": [
          "nixpkgs"
        ]
      },
      "locked": {
        "lastModified": 1717301635,
        "narHash": "sha256-8OvAUT8paPxPEsbQzPBdWnze0LyvsdxqO0Z3od70gkY=",
        "owner": "firecat53",
        "repo": "urlscan",
        "rev": "1ec81ec801b35069a5bb1205af25b6d0a84d6905",
        "type": "github"
      },
      "original": {
        "owner": "firecat53",
        "repo": "urlscan",
        "type": "github"
      }
    }
  },
  "root": "root",
  "version": 7
}
