{
  "nodes": {
    "bwm": {
      "inputs": {
        "nixpkgs": [
          "nixpkgs"
        ]
      },
      "locked": {
        "lastModified": 1711659384,
        "narHash": "sha256-0hESRWYaH7KwBP4Agw2Nt2PT567A7/RsdipPIW4o2UY=",
        "owner": "firecat53",
        "repo": "bitwarden-menu",
        "rev": "370920fab4c05fffafecd1990c49f01805130ae2",
        "type": "github"
      },
      "original": {
        "owner": "firecat53",
        "repo": "bitwarden-menu",
        "type": "github"
      }
    },
    "disko": {
      "inputs": {
        "nixpkgs": [
          "nixpkgs"
        ]
      },
      "locked": {
        "lastModified": 1721612107,
        "narHash": "sha256-1F2N90WqHV14oIn5RpDfzINj4zMi5gBQOt1BAc34gGM=",
        "owner": "nix-community",
        "repo": "disko",
        "rev": "2f5df5dcceb8473dd5715c4ae92f9b0d5f87fff9",
        "type": "github"
      },
      "original": {
        "owner": "nix-community",
        "repo": "disko",
        "type": "github"
      }
    },
    "home-manager": {
      "inputs": {
        "nixpkgs": [
          "nixpkgs"
        ]
      },
      "locked": {
        "lastModified": 1720042825,
        "narHash": "sha256-A0vrUB6x82/jvf17qPCpxaM+ulJnD8YZwH9Ci0BsAzE=",
        "owner": "nix-community",
        "repo": "home-manager",
        "rev": "e1391fb22e18a36f57e6999c7a9f966dc80ac073",
        "type": "github"
      },
      "original": {
        "owner": "nix-community",
        "ref": "release-24.05",
        "repo": "home-manager",
        "type": "github"
      }
    },
    "keepmenu": {
      "inputs": {
        "nixpkgs": [
          "nixpkgs"
        ]
      },
      "locked": {
        "lastModified": 1720193052,
        "narHash": "sha256-QufdabJX4ISUu+Pntj3sEp1jByRhozXUNTaIjTyXlQA=",
        "owner": "firecat53",
        "repo": "keepmenu",
        "rev": "6d41ce956a11259df935b34f82dc5b0c5e7fd2ea",
        "type": "github"
      },
      "original": {
        "owner": "firecat53",
        "repo": "keepmenu",
        "type": "github"
      }
    },
    "my-secrets": {
      "flake": false,
      "locked": {
        "lastModified": 1720893464,
        "narHash": "sha256-UvxQpXHd3sIldi7FQ98L05fsX9vlH3h5Mj6zrPrXaSI=",
        "path": "/home/firecat53/nixos/nixos-secrets",
        "type": "path"
      },
      "original": {
        "path": "/home/firecat53/nixos/nixos-secrets",
        "type": "path"
      }
    },
    "nixpkgs": {
      "locked": {
        "lastModified": 1721548954,
        "narHash": "sha256-7cCC8+Tdq1+3OPyc3+gVo9dzUNkNIQfwSDJ2HSi2u3o=",
        "owner": "nixos",
        "repo": "nixpkgs",
        "rev": "63d37ccd2d178d54e7fb691d7ec76000740ea24a",
        "type": "github"
      },
      "original": {
        "owner": "nixos",
        "ref": "nixos-24.05",
        "repo": "nixpkgs",
        "type": "github"
      }
    },
    "nixpkgs-unstable": {
      "locked": {
        "lastModified": 1721379653,
        "narHash": "sha256-8MUgifkJ7lkZs3u99UDZMB4kbOxvMEXQZ31FO3SopZ0=",
        "owner": "nixos",
        "repo": "nixpkgs",
        "rev": "1d9c2c9b3e71b9ee663d11c5d298727dace8d374",
        "type": "github"
      },
      "original": {
        "owner": "nixos",
        "ref": "nixos-unstable",
        "repo": "nixpkgs",
        "type": "github"
      }
    },
    "root": {
      "inputs": {
        "bwm": "bwm",
        "disko": "disko",
        "home-manager": "home-manager",
        "keepmenu": "keepmenu",
        "my-secrets": "my-secrets",
        "nixpkgs": "nixpkgs",
        "nixpkgs-unstable": "nixpkgs-unstable",
        "sops-nix": "sops-nix",
        "urlscan": "urlscan"
      }
    },
    "sops-nix": {
      "inputs": {
        "nixpkgs": [
          "nixpkgs-unstable"
        ],
        "nixpkgs-stable": [
          "nixpkgs"
        ]
      },
      "locked": {
        "lastModified": 1721531171,
        "narHash": "sha256-AsvPw7T0tBLb53xZGcUC3YPqlIpdxoSx56u8vPCr6gU=",
        "owner": "Mic92",
        "repo": "sops-nix",
        "rev": "909e8cfb60d83321d85c8d17209d733658a21c95",
        "type": "github"
      },
      "original": {
        "owner": "Mic92",
        "repo": "sops-nix",
        "type": "github"
      }
    },
    "urlscan": {
      "inputs": {
        "nixpkgs": [
          "nixpkgs"
        ]
      },
      "locked": {
        "lastModified": 1720190419,
        "narHash": "sha256-aAfsGsgCZwWcFkYaJsKjRroAZjW7b/vnX1oL/Mg0kgY=",
        "owner": "firecat53",
        "repo": "urlscan",
        "rev": "56b54dd8db056a416d0d42456c00b239e45cb807",
        "type": "github"
      },
      "original": {
        "owner": "firecat53",
        "repo": "urlscan",
        "type": "github"
      }
    }
  },
  "root": "root",
  "version": 7
}
